PODS:
  - JSON (3.1.0)
  - NSObject-HYPTesting (1.2)

DEPENDENCIES:
  - JSON (from `https://github.com/3lvis/JSON.git`)
  - NSObject-HYPTesting

EXTERNAL SOURCES:
  JSON:
    :git: https://github.com/3lvis/JSON.git

CHECKOUT OPTIONS:
  JSON:
    :commit: eb8e7c33e71b223de4cbd48a461a9adb71835c1f
    :git: https://github.com/3lvis/JSON.git

SPEC CHECKSUMS:
  JSON: eb7967a2d630c74259923d86aeea0d3a446c5f49
  NSObject-HYPTesting: fadde70c75061b731b313c390e20777aed0a914d

COCOAPODS: 0.38.2
